// !$*UTF8*$!
{
	archiveVersion = 1;
	classes = {
	};
	objectVersion = 46;
	objects = {

/* Begin PBXBuildFile section */
		D3DB8EAD19DCDCCA00E0EB50 /* AppDelegate.swift in Sources */ = {isa = PBXBuildFile; fileRef = D3DB8EAC19DCDCCA00E0EB50 /* AppDelegate.swift */; };
		D3DB8EAF19DCDCCA00E0EB50 /* ViewController.swift in Sources */ = {isa = PBXBuildFile; fileRef = D3DB8EAE19DCDCCA00E0EB50 /* ViewController.swift */; };
		D3DB8EB219DCDCCA00E0EB50 /* Main.storyboard in Resources */ = {isa = PBXBuildFile; fileRef = D3DB8EB019DCDCCA00E0EB50 /* Main.storyboard */; };
		D3DB8EB419DCDCCA00E0EB50 /* Images.xcassets in Resources */ = {isa = PBXBuildFile; fileRef = D3DB8EB319DCDCCA00E0EB50 /* Images.xcassets */; };
		D3DB8EB719DCDCCA00E0EB50 /* LaunchScreen.xib in Resources */ = {isa = PBXBuildFile; fileRef = D3DB8EB519DCDCCA00E0EB50 /* LaunchScreen.xib */; };
		D3DB8EC319DCDCCA00E0EB50 /* LionsandTigersTests.swift in Sources */ = {isa = PBXBuildFile; fileRef = D3DB8EC219DCDCCA00E0EB50 /* LionsandTigersTests.swift */; };
		D3DB8ECE19DCDFE600E0EB50 /* Tiger.swift in Sources */ = {isa = PBXBuildFile; fileRef = D3DB8ECD19DCDFE600E0EB50 /* Tiger.swift */; };
		D3DB8ED819DCE25B00E0EB50 /* BengalTiger.jpg in Resources */ = {isa = PBXBuildFile; fileRef = D3DB8ED019DCE25B00E0EB50 /* BengalTiger.jpg */; };
		D3DB8ED919DCE25B00E0EB50 /* IndochineseTiger.jpg in Resources */ = {isa = PBXBuildFile; fileRef = D3DB8ED119DCE25B00E0EB50 /* IndochineseTiger.jpg */; };
		D3DB8EDA19DCE25B00E0EB50 /* Lion.jpg in Resources */ = {isa = PBXBuildFile; fileRef = D3DB8ED219DCE25B00E0EB50 /* Lion.jpg */; };
		D3DB8EDB19DCE25B00E0EB50 /* LionCub1.jpg in Resources */ = {isa = PBXBuildFile; fileRef = D3DB8ED319DCE25B00E0EB50 /* LionCub1.jpg */; };
		D3DB8EDC19DCE25B00E0EB50 /* LionCub2.jpeg in Resources */ = {isa = PBXBuildFile; fileRef = D3DB8ED419DCE25B00E0EB50 /* LionCub2.jpeg */; };
		D3DB8EDD19DCE25B00E0EB50 /* Lioness.jpeg in Resources */ = {isa = PBXBuildFile; fileRef = D3DB8ED519DCE25B00E0EB50 /* Lioness.jpeg */; };
		D3DB8EDE19DCE25B00E0EB50 /* MalayanTiger.jpg in Resources */ = {isa = PBXBuildFile; fileRef = D3DB8ED619DCE25B00E0EB50 /* MalayanTiger.jpg */; };
		D3DB8EDF19DCE25B00E0EB50 /* SiberianTiger.jpg in Resources */ = {isa = PBXBuildFile; fileRef = D3DB8ED719DCE25B00E0EB50 /* SiberianTiger.jpg */; };
/* End PBXBuildFile section */

/* Begin PBXContainerItemProxy section */
		D3DB8EBD19DCDCCA00E0EB50 /* PBXContainerItemProxy */ = {
			isa = PBXContainerItemProxy;
			containerPortal = D3DB8E9F19DCDCCA00E0EB50 /* Project object */;
			proxyType = 1;
			remoteGlobalIDString = D3DB8EA619DCDCCA00E0EB50;
			remoteInfo = LionsandTigers;
		};
/* End PBXContainerItemProxy section */

/* Begin PBXFileReference section */
		D3DB8EA719DCDCCA00E0EB50 /* LionsandTigers.app */ = {isa = PBXFileReference; explicitFileType = wrapper.application; includeInIndex = 0; path = LionsandTigers.app; sourceTree = BUILT_PRODUCTS_DIR; };
		D3DB8EAB19DCDCCA00E0EB50 /* Info.plist */ = {isa = PBXFileReference; lastKnownFileType = text.plist.xml; path = Info.plist; sourceTree = "<group>"; };
		D3DB8EAC19DCDCCA00E0EB50 /* AppDelegate.swift */ = {isa = PBXFileReference; lastKnownFileType = sourcecode.swift; path = AppDelegate.swift; sourceTree = "<group>"; };
		D3DB8EAE19DCDCCA00E0EB50 /* ViewController.swift */ = {isa = PBXFileReference; lastKnownFileType = sourcecode.swift; path = ViewController.swift; sourceTree = "<group>"; };
		D3DB8EB119DCDCCA00E0EB50 /* Base */ = {isa = PBXFileReference; lastKnownFileType = file.storyboard; name = Base; path = Base.lproj/Main.storyboard; sourceTree = "<group>"; };
		D3DB8EB319DCDCCA00E0EB50 /* Images.xcassets */ = {isa = PBXFileReference; lastKnownFileType = folder.assetcatalog; path = Images.xcassets; sourceTree = "<group>"; };
		D3DB8EB619DCDCCA00E0EB50 /* Base */ = {isa = PBXFileReference; lastKnownFileType = file.xib; name = Base; path = Base.lproj/LaunchScreen.xib; sourceTree = "<group>"; };
		D3DB8EBC19DCDCCA00E0EB50 /* LionsandTigersTests.xctest */ = {isa = PBXFileReference; explicitFileType = wrapper.cfbundle; includeInIndex = 0; path = LionsandTigersTests.xctest; sourceTree = BUILT_PRODUCTS_DIR; };
		D3DB8EC119DCDCCA00E0EB50 /* Info.plist */ = {isa = PBXFileReference; lastKnownFileType = text.plist.xml; path = Info.plist; sourceTree = "<group>"; };
		D3DB8EC219DCDCCA00E0EB50 /* LionsandTigersTests.swift */ = {isa = PBXFileReference; lastKnownFileType = sourcecode.swift; path = LionsandTigersTests.swift; sourceTree = "<group>"; };
		D3DB8ECD19DCDFE600E0EB50 /* Tiger.swift */ = {isa = PBXFileReference; fileEncoding = 4; lastKnownFileType = sourcecode.swift; path = Tiger.swift; sourceTree = "<group>"; };
		D3DB8ED019DCE25B00E0EB50 /* BengalTiger.jpg */ = {isa = PBXFileReference; lastKnownFileType = image.jpeg; path = BengalTiger.jpg; sourceTree = "<group>"; };
		D3DB8ED119DCE25B00E0EB50 /* IndochineseTiger.jpg */ = {isa = PBXFileReference; lastKnownFileType = image.jpeg; path = IndochineseTiger.jpg; sourceTree = "<group>"; };
		D3DB8ED219DCE25B00E0EB50 /* Lion.jpg */ = {isa = PBXFileReference; lastKnownFileType = image.jpeg; path = Lion.jpg; sourceTree = "<group>"; };
		D3DB8ED319DCE25B00E0EB50 /* LionCub1.jpg */ = {isa = PBXFileReference; lastKnownFileType = image.jpeg; path = LionCub1.jpg; sourceTree = "<group>"; };
		D3DB8ED419DCE25B00E0EB50 /* LionCub2.jpeg */ = {isa = PBXFileReference; lastKnownFileType = image.jpeg; path = LionCub2.jpeg; sourceTree = "<group>"; };
		D3DB8ED519DCE25B00E0EB50 /* Lioness.jpeg */ = {isa = PBXFileReference; lastKnownFileType = image.jpeg; path = Lioness.jpeg; sourceTree = "<group>"; };
		D3DB8ED619DCE25B00E0EB50 /* MalayanTiger.jpg */ = {isa = PBXFileReference; lastKnownFileType = image.jpeg; path = MalayanTiger.jpg; sourceTree = "<group>"; };
		D3DB8ED719DCE25B00E0EB50 /* SiberianTiger.jpg */ = {isa = PBXFileReference; lastKnownFileType = image.jpeg; path = SiberianTiger.jpg; sourceTree = "<group>"; };
/* End PBXFileReference section */

/* Begin PBXFrameworksBuildPhase section */
		D3DB8EA419DCDCCA00E0EB50 /* Frameworks */ = {
			isa = PBXFrameworksBuildPhase;
			buildActionMask = 2147483647;
			files = (
			);
			runOnlyForDeploymentPostprocessing = 0;
		};
		D3DB8EB919DCDCCA00E0EB50 /* Frameworks */ = {
			isa = PBXFrameworksBuildPhase;
			buildActionMask = 2147483647;
			files = (
			);
			runOnlyForDeploymentPostprocessing = 0;
		};
/* End PBXFrameworksBuildPhase section */

/* Begin PBXGroup section */
		D3DB8E9E19DCDCCA00E0EB50 = {
			isa = PBXGroup;
			children = (
				D3DB8EA919DCDCCA00E0EB50 /* LionsandTigers */,
				D3DB8EBF19DCDCCA00E0EB50 /* LionsandTigersTests */,
				D3DB8EA819DCDCCA00E0EB50 /* Products */,
			);
			sourceTree = "<group>";
		};
		D3DB8EA819DCDCCA00E0EB50 /* Products */ = {
			isa = PBXGroup;
			children = (
				D3DB8EA719DCDCCA00E0EB50 /* LionsandTigers.app */,
				D3DB8EBC19DCDCCA00E0EB50 /* LionsandTigersTests.xctest */,
			);
			name = Products;
			sourceTree = "<group>";
		};
		D3DB8EA919DCDCCA00E0EB50 /* LionsandTigers */ = {
			isa = PBXGroup;
			children = (
				D3DB8EAC19DCDCCA00E0EB50 /* AppDelegate.swift */,
				D3DB8EAE19DCDCCA00E0EB50 /* ViewController.swift */,
				D3DB8EB019DCDCCA00E0EB50 /* Main.storyboard */,
				D3DB8EB319DCDCCA00E0EB50 /* Images.xcassets */,
				D3DB8EB519DCDCCA00E0EB50 /* LaunchScreen.xib */,
				D3DB8ECC19DCDFB200E0EB50 /* Models */,
				D3DB8EAA19DCDCCA00E0EB50 /* Supporting Files */,
			);
			path = LionsandTigers;
			sourceTree = "<group>";
		};
		D3DB8EAA19DCDCCA00E0EB50 /* Supporting Files */ = {
			isa = PBXGroup;
			children = (
				D3DB8ECF19DCE25B00E0EB50 /* LionsAndTigersAssets */,
				D3DB8EAB19DCDCCA00E0EB50 /* Info.plist */,
			);
			name = "Supporting Files";
			sourceTree = "<group>";
		};
		D3DB8EBF19DCDCCA00E0EB50 /* LionsandTigersTests */ = {
			isa = PBXGroup;
			children = (
				D3DB8EC219DCDCCA00E0EB50 /* LionsandTigersTests.swift */,
				D3DB8EC019DCDCCA00E0EB50 /* Supporting Files */,
			);
			path = LionsandTigersTests;
			sourceTree = "<group>";
		};
		D3DB8EC019DCDCCA00E0EB50 /* Supporting Files */ = {
			isa = PBXGroup;
			children = (
				D3DB8EC119DCDCCA00E0EB50 /* Info.plist */,
			);
			name = "Supporting Files";
			sourceTree = "<group>";
		};
		D3DB8ECC19DCDFB200E0EB50 /* Models */ = {
			isa = PBXGroup;
			children = (
				D3DB8ECD19DCDFE600E0EB50 /* Tiger.swift */,
			);
			name = Models;
			sourceTree = "<group>";
		};
		D3DB8ECF19DCE25B00E0EB50 /* LionsAndTigersAssets */ = {
			isa = PBXGroup;
			children = (
				D3DB8ED019DCE25B00E0EB50 /* BengalTiger.jpg */,
				D3DB8ED119DCE25B00E0EB50 /* IndochineseTiger.jpg */,
				D3DB8ED219DCE25B00E0EB50 /* Lion.jpg */,
				D3DB8ED319DCE25B00E0EB50 /* LionCub1.jpg */,
				D3DB8ED419DCE25B00E0EB50 /* LionCub2.jpeg */,
				D3DB8ED519DCE25B00E0EB50 /* Lioness.jpeg */,
				D3DB8ED619DCE25B00E0EB50 /* MalayanTiger.jpg */,
				D3DB8ED719DCE25B00E0EB50 /* SiberianTiger.jpg */,
			);
			path = LionsAndTigersAssets;
			sourceTree = "<group>";
		};
/* End PBXGroup section */

/* Begin PBXNativeTarget section */
		D3DB8EA619DCDCCA00E0EB50 /* LionsandTigers */ = {
			isa = PBXNativeTarget;
			buildConfigurationList = D3DB8EC619DCDCCA00E0EB50 /* Build configuration list for PBXNativeTarget "LionsandTigers" */;
			buildPhases = (
				D3DB8EA319DCDCCA00E0EB50 /* Sources */,
				D3DB8EA419DCDCCA00E0EB50 /* Frameworks */,
				D3DB8EA519DCDCCA00E0EB50 /* Resources */,
			);
			buildRules = (
			);
			dependencies = (
			);
			name = LionsandTigers;
			productName = LionsandTigers;
			productReference = D3DB8EA719DCDCCA00E0EB50 /* LionsandTigers.app */;
			productType = "com.apple.product-type.application";
		};
		D3DB8EBB19DCDCCA00E0EB50 /* LionsandTigersTests */ = {
			isa = PBXNativeTarget;
			buildConfigurationList = D3DB8EC919DCDCCA00E0EB50 /* Build configuration list for PBXNativeTarget "LionsandTigersTests" */;
			buildPhases = (
				D3DB8EB819DCDCCA00E0EB50 /* Sources */,
				D3DB8EB919DCDCCA00E0EB50 /* Frameworks */,
				D3DB8EBA19DCDCCA00E0EB50 /* Resources */,
			);
			buildRules = (
			);
			dependencies = (
				D3DB8EBE19DCDCCA00E0EB50 /* PBXTargetDependency */,
			);
			name = LionsandTigersTests;
			productName = LionsandTigersTests;
			productReference = D3DB8EBC19DCDCCA00E0EB50 /* LionsandTigersTests.xctest */;
			productType = "com.apple.product-type.bundle.unit-test";
		};
/* End PBXNativeTarget section */

/* Begin PBXProject section */
		D3DB8E9F19DCDCCA00E0EB50 /* Project object */ = {
			isa = PBXProject;
			attributes = {
				LastUpgradeCheck = 0600;
				ORGANIZATIONNAME = "Cactus Garden";
				TargetAttributes = {
					D3DB8EA619DCDCCA00E0EB50 = {
						CreatedOnToolsVersion = 6.0.1;
					};
					D3DB8EBB19DCDCCA00E0EB50 = {
						CreatedOnToolsVersion = 6.0.1;
						TestTargetID = D3DB8EA619DCDCCA00E0EB50;
					};
				};
			};
			buildConfigurationList = D3DB8EA219DCDCCA00E0EB50 /* Build configuration list for PBXProject "LionsandTigers" */;
			compatibilityVersion = "Xcode 3.2";
			developmentRegion = English;
			hasScannedForEncodings = 0;
			knownRegions = (
				en,
				Base,
			);
			mainGroup = D3DB8E9E19DCDCCA00E0EB50;
			productRefGroup = D3DB8EA819DCDCCA00E0EB50 /* Products */;
			projectDirPath = "";
			projectRoot = "";
			targets = (
				D3DB8EA619DCDCCA00E0EB50 /* LionsandTigers */,
				D3DB8EBB19DCDCCA00E0EB50 /* LionsandTigersTests */,
			);
		};
/* End PBXProject section */

/* Begin PBXResourcesBuildPhase section */
		D3DB8EA519DCDCCA00E0EB50 /* Resources */ = {
			isa = PBXResourcesBuildPhase;
			buildActionMask = 2147483647;
			files = (
				D3DB8ED919DCE25B00E0EB50 /* IndochineseTiger.jpg in Resources */,
				D3DB8EB219DCDCCA00E0EB50 /* Main.storyboard in Resources */,
				D3DB8EB719DCDCCA00E0EB50 /* LaunchScreen.xib in Resources */,
				D3DB8EDD19DCE25B00E0EB50 /* Lioness.jpeg in Resources */,
				D3DB8EDB19DCE25B00E0EB50 /* LionCub1.jpg in Resources */,
				D3DB8EDE19DCE25B00E0EB50 /* MalayanTiger.jpg in Resources */,
				D3DB8EDF19DCE25B00E0EB50 /* SiberianTiger.jpg in Resources */,
				D3DB8ED819DCE25B00E0EB50 /* BengalTiger.jpg in Resources */,
				D3DB8EB419DCDCCA00E0EB50 /* Images.xcassets in Resources */,
				D3DB8EDA19DCE25B00E0EB50 /* Lion.jpg in Resources */,
				D3DB8EDC19DCE25B00E0EB50 /* LionCub2.jpeg in Resources */,
			);
			runOnlyForDeploymentPostprocessing = 0;
		};
		D3DB8EBA19DCDCCA00E0EB50 /* Resources */ = {
			isa = PBXResourcesBuildPhase;
			buildActionMask = 2147483647;
			files = (
			);
			runOnlyForDeploymentPostprocessing = 0;
		};
/* End PBXResourcesBuildPhase section */

/* Begin PBXSourcesBuildPhase section */
		D3DB8EA319DCDCCA00E0EB50 /* Sources */ = {
			isa = PBXSourcesBuildPhase;
			buildActionMask = 2147483647;
			files = (
				D3DB8EAF19DCDCCA00E0EB50 /* ViewController.swift in Sources */,
				D3DB8ECE19DCDFE600E0EB50 /* Tiger.swift in Sources */,
				D3DB8EAD19DCDCCA00E0EB50 /* AppDelegate.swift in Sources */,
			);
			runOnlyForDeploymentPostprocessing = 0;
		};
		D3DB8EB819DCDCCA00E0EB50 /* Sources */ = {
			isa = PBXSourcesBuildPhase;
			buildActionMask = 2147483647;
			files = (
				D3DB8EC319DCDCCA00E0EB50 /* LionsandTigersTests.swift in Sources */,
			);
			runOnlyForDeploymentPostprocessing = 0;
		};
/* End PBXSourcesBuildPhase section */

/* Begin PBXTargetDependency section */
		D3DB8EBE19DCDCCA00E0EB50 /* PBXTargetDependency */ = {
			isa = PBXTargetDependency;
			target = D3DB8EA619DCDCCA00E0EB50 /* LionsandTigers */;
			targetProxy = D3DB8EBD19DCDCCA00E0EB50 /* PBXContainerItemProxy */;
		};
/* End PBXTargetDependency section */

/* Begin PBXVariantGroup section */
		D3DB8EB019DCDCCA00E0EB50 /* Main.storyboard */ = {
			isa = PBXVariantGroup;
			children = (
				D3DB8EB119DCDCCA00E0EB50 /* Base */,
			);
			name = Main.storyboard;
			sourceTree = "<group>";
		};
		D3DB8EB519DCDCCA00E0EB50 /* LaunchScreen.xib */ = {
			isa = PBXVariantGroup;
			children = (
				D3DB8EB619DCDCCA00E0EB50 /* Base */,
			);
			name = LaunchScreen.xib;
			sourceTree = "<group>";
		};
/* End PBXVariantGroup section */

/* Begin XCBuildConfiguration section */
		D3DB8EC419DCDCCA00E0EB50 /* Debug */ = {
			isa = XCBuildConfiguration;
			buildSettings = {
				ALWAYS_SEARCH_USER_PATHS = NO;
				CLANG_CXX_LANGUAGE_STANDARD = "gnu++0x";
				CLANG_CXX_LIBRARY = "libc++";
				CLANG_ENABLE_MODULES = YES;
				CLANG_ENABLE_OBJC_ARC = YES;
				CLANG_WARN_BOOL_CONVERSION = YES;
				CLANG_WARN_CONSTANT_CONVERSION = YES;
				CLANG_WARN_DIRECT_OBJC_ISA_USAGE = YES_ERROR;
				CLANG_WARN_EMPTY_BODY = YES;
				CLANG_WARN_ENUM_CONVERSION = YES;
				CLANG_WARN_INT_CONVERSION = YES;
				CLANG_WARN_OBJC_ROOT_CLASS = YES_ERROR;
				CLANG_WARN_UNREACHABLE_CODE = YES;
				CLANG_WARN__DUPLICATE_METHOD_MATCH = YES;
				"CODE_SIGN_IDENTITY[sdk=iphoneos*]" = "iPhone Developer";
				COPY_PHASE_STRIP = NO;
				ENABLE_STRICT_OBJC_MSGSEND = YES;
				GCC_C_LANGUAGE_STANDARD = gnu99;
				GCC_DYNAMIC_NO_PIC = NO;
				GCC_OPTIMIZATION_LEVEL = 0;
				GCC_PREPROCESSOR_DEFINITIONS = (
					"DEBUG=1",
					"$(inherited)",
				);
				GCC_SYMBOLS_PRIVATE_EXTERN = NO;
				GCC_WARN_64_TO_32_BIT_CONVERSION = YES;
				GCC_WARN_ABOUT_RETURN_TYPE = YES_ERROR;
				GCC_WARN_UNDECLARED_SELECTOR = YES;
				GCC_WARN_UNINITIALIZED_AUTOS = YES_AGGRESSIVE;
				GCC_WARN_UNUSED_FUNCTION = YES;
				GCC_WARN_UNUSED_VARIABLE = YES;
				IPHONEOS_DEPLOYMENT_TARGET = 8.0;
				MTL_ENABLE_DEBUG_INFO = YES;
				ONLY_ACTIVE_ARCH = YES;
				SDKROOT = iphoneos;
				SWIFT_OPTIMIZATION_LEVEL = "-Onone";
			};
			name = Debug;
		};
		D3DB8EC519DCDCCA00E0EB50 /* Release */ = {
			isa = XCBuildConfiguration;
			buildSettings = {
				ALWAYS_SEARCH_USER_PATHS = NO;
				CLANG_CXX_LANGUAGE_STANDARD = "gnu++0x";
				CLANG_CXX_LIBRARY = "libc++";
				CLANG_ENABLE_MODULES = YES;
				CLANG_ENABLE_OBJC_ARC = YES;
				CLANG_WARN_BOOL_CONVERSION = YES;
				CLANG_WARN_CONSTANT_CONVERSION = YES;
				CLANG_WARN_DIRECT_OBJC_ISA_USAGE = YES_ERROR;
				CLANG_WARN_EMPTY_BODY = YES;
				CLANG_WARN_ENUM_CONVERSION = YES;
				CLANG_WARN_INT_CONVERSION = YES;
				CLANG_WARN_OBJC_ROOT_CLASS = YES_ERROR;
				CLANG_WARN_UNREACHABLE_CODE = YES;
				CLANG_WARN__DUPLICATE_METHOD_MATCH = YES;
				"CODE_SIGN_IDENTITY[sdk=iphoneos*]" = "iPhone Developer";
				COPY_PHASE_STRIP = YES;
				ENABLE_NS_ASSERTIONS = NO;
				ENABLE_STRICT_OBJC_MSGSEND = YES;
				GCC_C_LANGUAGE_STANDARD = gnu99;
				GCC_WARN_64_TO_32_BIT_CONVERSION = YES;
				GCC_WARN_ABOUT_RETURN_TYPE = YES_ERROR;
				GCC_WARN_UNDECLARED_SELECTOR = YES;
				GCC_WARN_UNINITIALIZED_AUTOS = YES_AGGRESSIVE;
				GCC_WARN_UNUSED_FUNCTION = YES;
				GCC_WARN_UNUSED_VARIABLE = YES;
				IPHONEOS_DEPLOYMENT_TARGET = 8.0;
				MTL_ENABLE_DEBUG_INFO = NO;
				SDKROOT = iphoneos;
				VALIDATE_PRODUCT = YES;
			};
			name = Release;
		};
		D3DB8EC719DCDCCA00E0EB50 /* Debug */ = {
			isa = XCBuildConfiguration;
			buildSettings = {
				ASSETCATALOG_COMPILER_APPICON_NAME = AppIcon;
				INFOPLIST_FILE = LionsandTigers/Info.plist;
				LD_RUNPATH_SEARCH_PATHS = "$(inherited) @executable_path/Frameworks";
				PRODUCT_NAME = "$(TARGET_NAME)";
			};
			name = Debug;
		};
		D3DB8EC819DCDCCA00E0EB50 /* Release */ = {
			isa = XCBuildConfiguration;
			buildSettings = {
				ASSETCATALOG_COMPILER_APPICON_NAME = AppIcon;
				INFOPLIST_FILE = LionsandTigers/Info.plist;
				LD_RUNPATH_SEARCH_PATHS = "$(inherited) @executable_path/Frameworks";
				PRODUCT_NAME = "$(TARGET_NAME)";
			};
			name = Release;
		};
		D3DB8ECA19DCDCCA00E0EB50 /* Debug */ = {
			isa = XCBuildConfiguration;
			buildSettings = {
				BUNDLE_LOADER = "$(TEST_HOST)";
				FRAMEWORK_SEARCH_PATHS = (
					"$(SDKROOT)/Developer/Library/Frameworks",
					"$(inherited)",
				);
				GCC_PREPROCESSOR_DEFINITIONS = (
					"DEBUG=1",
					"$(inherited)",
				);
				INFOPLIST_FILE = LionsandTigersTests/Info.plist;
				LD_RUNPATH_SEARCH_PATHS = "$(inherited) @executable_path/Frameworks @loader_path/Frameworks";
				PRODUCT_NAME = "$(TARGET_NAME)";
				TEST_HOST = "$(BUILT_PRODUCTS_DIR)/LionsandTigers.app/LionsandTigers";
			};
			name = Debug;
		};
		D3DB8ECB19DCDCCA00E0EB50 /* Release */ = {
			isa = XCBuildConfiguration;
			buildSettings = {
				BUNDLE_LOADER = "$(TEST_HOST)";
				FRAMEWORK_SEARCH_PATHS = (
					"$(SDKROOT)/Developer/Library/Frameworks",
					"$(inherited)",
				);
				INFOPLIST_FILE = LionsandTigersTests/Info.plist;
				LD_RUNPATH_SEARCH_PATHS = "$(inherited) @executable_path/Frameworks @loader_path/Frameworks";
				PRODUCT_NAME = "$(TARGET_NAME)";
				TEST_HOST = "$(BUILT_PRODUCTS_DIR)/LionsandTigers.app/LionsandTigers";
			};
			name = Release;
		};
/* End XCBuildConfiguration section */

/* Begin XCConfigurationList section */
		D3DB8EA219DCDCCA00E0EB50 /* Build configuration list for PBXProject "LionsandTigers" */ = {
			isa = XCConfigurationList;
			buildConfigurations = (
				D3DB8EC419DCDCCA00E0EB50 /* Debug */,
				D3DB8EC519DCDCCA00E0EB50 /* Release */,
			);
			defaultConfigurationIsVisible = 0;
			defaultConfigurationName = Release;
		};
		D3DB8EC619DCDCCA00E0EB50 /* Build configuration list for PBXNativeTarget "LionsandTigers" */ = {
			isa = XCConfigurationList;
			buildConfigurations = (
				D3DB8EC719DCDCCA00E0EB50 /* Debug */,
				D3DB8EC819DCDCCA00E0EB50 /* Release */,
			);
			defaultConfigurationIsVisible = 0;
		};
		D3DB8EC919DCDCCA00E0EB50 /* Build configuration list for PBXNativeTarget "LionsandTigersTests" */ = {
			isa = XCConfigurationList;
			buildConfigurations = (
				D3DB8ECA19DCDCCA00E0EB50 /* Debug */,
				D3DB8ECB19DCDCCA00E0EB50 /* Release */,
			);
			defaultConfigurationIsVisible = 0;
		};
/* End XCConfigurationList section */
	};
	rootObject = D3DB8E9F19DCDCCA00E0EB50 /* Project object */;
}
